# This file was autogenerated by Stack.
# You should not edit this file by hand.
# For more information, please see the documentation at:
#   https://docs.haskellstack.org/en/stable/lock_files

packages:
- completed:
    hackage: webdriver-0.9.0.1@sha256:95b810162a436390f83e8aa5e0038bb3a094f2f0ad35f30d3c07e2a3564ae26f,3365
    pantry-tree:
      size: 1799
      sha256: 6bb82139c626fcd13691f942238aa8137b0e89c6cde200927e0e8efca3aaab87
  original:
    hackage: webdriver-0.9.0.1
snapshots:
- completed:
    size: 524996
    url: https://raw.githubusercontent.com/commercialhaskell/stackage-snapshots/master/lts/14/27.yaml
    sha256: 7ea31a280c56bf36ff591a7397cc384d0dff622e7f9e4225b47d8980f019a0f0
  original: lts-14.27
